// !$*UTF8*$!
{
	archiveVersion = 1;
	classes = {
	};
	objectVersion = 46;
	objects = {

/* Begin PBXBuildFile section */
		D4D6BEDF1A73D52B0088FD68 /* AppDelegate.swift in Sources */ = {isa = PBXBuildFile; fileRef = D4D6BEDE1A73D52B0088FD68 /* AppDelegate.swift */; };
		D4D6BEE11A73D52B0088FD68 /* ViewController.swift in Sources */ = {isa = PBXBuildFile; fileRef = D4D6BEE01A73D52B0088FD68 /* ViewController.swift */; };
		D4D6BEE41A73D52B0088FD68 /* Main.storyboard in Resources */ = {isa = PBXBuildFile; fileRef = D4D6BEE21A73D52B0088FD68 /* Main.storyboard */; };
		D4D6BEE61A73D52B0088FD68 /* Images.xcassets in Resources */ = {isa = PBXBuildFile; fileRef = D4D6BEE51A73D52B0088FD68 /* Images.xcassets */; };
		D4D6BEE91A73D52B0088FD68 /* LaunchScreen.xib in Resources */ = {isa = PBXBuildFile; fileRef = D4D6BEE71A73D52B0088FD68 /* LaunchScreen.xib */; };
		D4D6BEF51A73D52B0088FD68 /* headphonesTests.swift in Sources */ = {isa = PBXBuildFile; fileRef = D4D6BEF41A73D52B0088FD68 /* headphonesTests.swift */; };
		D4D6BEFF1A73D9F00088FD68 /* AVFoundation.framework in Frameworks */ = {isa = PBXBuildFile; fileRef = D4D6BEFE1A73D9F00088FD68 /* AVFoundation.framework */; };
/* End PBXBuildFile section */

/* Begin PBXContainerItemProxy section */
		D4D6BEEF1A73D52B0088FD68 /* PBXContainerItemProxy */ = {
			isa = PBXContainerItemProxy;
			containerPortal = D4D6BED11A73D52A0088FD68 /* Project object */;
			proxyType = 1;
			remoteGlobalIDString = D4D6BED81A73D52A0088FD68;
			remoteInfo = headphones;
		};
/* End PBXContainerItemProxy section */

/* Begin PBXFileReference section */
		D4D6BED91A73D52A0088FD68 /* headphones.app */ = {isa = PBXFileReference; explicitFileType = wrapper.application; includeInIndex = 0; path = headphones.app; sourceTree = BUILT_PRODUCTS_DIR; };
		D4D6BEDD1A73D52B0088FD68 /* Info.plist */ = {isa = PBXFileReference; lastKnownFileType = text.plist.xml; path = Info.plist; sourceTree = "<group>"; };
		D4D6BEDE1A73D52B0088FD68 /* AppDelegate.swift */ = {isa = PBXFileReference; lastKnownFileType = sourcecode.swift; path = AppDelegate.swift; sourceTree = "<group>"; };
		D4D6BEE01A73D52B0088FD68 /* ViewController.swift */ = {isa = PBXFileReference; lastKnownFileType = sourcecode.swift; path = ViewController.swift; sourceTree = "<group>"; };
		D4D6BEE31A73D52B0088FD68 /* Base */ = {isa = PBXFileReference; lastKnownFileType = file.storyboard; name = Base; path = Base.lproj/Main.storyboard; sourceTree = "<group>"; };
		D4D6BEE51A73D52B0088FD68 /* Images.xcassets */ = {isa = PBXFileReference; lastKnownFileType = folder.assetcatalog; path = Images.xcassets; sourceTree = "<group>"; };
		D4D6BEE81A73D52B0088FD68 /* Base */ = {isa = PBXFileReference; lastKnownFileType = file.xib; name = Base; path = Base.lproj/LaunchScreen.xib; sourceTree = "<group>"; };
		D4D6BEEE1A73D52B0088FD68 /* headphonesTests.xctest */ = {isa = PBXFileReference; explicitFileType = wrapper.cfbundle; includeInIndex = 0; path = headphonesTests.xctest; sourceTree = BUILT_PRODUCTS_DIR; };
		D4D6BEF31A73D52B0088FD68 /* Info.plist */ = {isa = PBXFileReference; lastKnownFileType = text.plist.xml; path = Info.plist; sourceTree = "<group>"; };
		D4D6BEF41A73D52B0088FD68 /* headphonesTests.swift */ = {isa = PBXFileReference; lastKnownFileType = sourcecode.swift; path = headphonesTests.swift; sourceTree = "<group>"; };
		D4D6BEFE1A73D9F00088FD68 /* AVFoundation.framework */ = {isa = PBXFileReference; lastKnownFileType = wrapper.framework; name = AVFoundation.framework; path = System/Library/Frameworks/AVFoundation.framework; sourceTree = SDKROOT; };
/* End PBXFileReference section */

/* Begin PBXFrameworksBuildPhase section */
		D4D6BED61A73D52A0088FD68 /* Frameworks */ = {
			isa = PBXFrameworksBuildPhase;
			buildActionMask = 2147483647;
			files = (
				D4D6BEFF1A73D9F00088FD68 /* AVFoundation.framework in Frameworks */,
			);
			runOnlyForDeploymentPostprocessing = 0;
		};
		D4D6BEEB1A73D52B0088FD68 /* Frameworks */ = {
			isa = PBXFrameworksBuildPhase;
			buildActionMask = 2147483647;
			files = (
			);
			runOnlyForDeploymentPostprocessing = 0;
		};
/* End PBXFrameworksBuildPhase section */

/* Begin PBXGroup section */
		D4D6BED01A73D52A0088FD68 = {
			isa = PBXGroup;
			children = (
				D4D6BEFE1A73D9F00088FD68 /* AVFoundation.framework */,
				D4D6BEDB1A73D52A0088FD68 /* headphones */,
				D4D6BEF11A73D52B0088FD68 /* headphonesTests */,
				D4D6BEDA1A73D52A0088FD68 /* Products */,
			);
			sourceTree = "<group>";
		};
		D4D6BEDA1A73D52A0088FD68 /* Products */ = {
			isa = PBXGroup;
			children = (
				D4D6BED91A73D52A0088FD68 /* headphones.app */,
				D4D6BEEE1A73D52B0088FD68 /* headphonesTests.xctest */,
			);
			name = Products;
			sourceTree = "<group>";
		};
		D4D6BEDB1A73D52A0088FD68 /* headphones */ = {
			isa = PBXGroup;
			children = (
				D4D6BEDE1A73D52B0088FD68 /* AppDelegate.swift */,
				D4D6BEE01A73D52B0088FD68 /* ViewController.swift */,
				D4D6BEE21A73D52B0088FD68 /* Main.storyboard */,
				D4D6BEE51A73D52B0088FD68 /* Images.xcassets */,
				D4D6BEE71A73D52B0088FD68 /* LaunchScreen.xib */,
				D4D6BEDC1A73D52B0088FD68 /* Supporting Files */,
			);
			path = headphones;
			sourceTree = "<group>";
		};
		D4D6BEDC1A73D52B0088FD68 /* Supporting Files */ = {
			isa = PBXGroup;
			children = (
				D4D6BEDD1A73D52B0088FD68 /* Info.plist */,
			);
			name = "Supporting Files";
			sourceTree = "<group>";
		};
		D4D6BEF11A73D52B0088FD68 /* headphonesTests */ = {
			isa = PBXGroup;
			children = (
				D4D6BEF41A73D52B0088FD68 /* headphonesTests.swift */,
				D4D6BEF21A73D52B0088FD68 /* Supporting Files */,
			);
			path = headphonesTests;
			sourceTree = "<group>";
		};
		D4D6BEF21A73D52B0088FD68 /* Supporting Files */ = {
			isa = PBXGroup;
			children = (
				D4D6BEF31A73D52B0088FD68 /* Info.plist */,
			);
			name = "Supporting Files";
			sourceTree = "<group>";
		};
/* End PBXGroup section */

/* Begin PBXNativeTarget section */
		D4D6BED81A73D52A0088FD68 /* headphones */ = {
			isa = PBXNativeTarget;
			buildConfigurationList = D4D6BEF81A73D52B0088FD68 /* Build configuration list for PBXNativeTarget "headphones" */;
			buildPhases = (
				D4D6BED51A73D52A0088FD68 /* Sources */,
				D4D6BED61A73D52A0088FD68 /* Frameworks */,
				D4D6BED71A73D52A0088FD68 /* Resources */,
			);
			buildRules = (
			);
			dependencies = (
			);
			name = headphones;
			productName = headphones;
			productReference = D4D6BED91A73D52A0088FD68 /* headphones.app */;
			productType = "com.apple.product-type.application";
		};
		D4D6BEED1A73D52B0088FD68 /* headphonesTests */ = {
			isa = PBXNativeTarget;
			buildConfigurationList = D4D6BEFB1A73D52B0088FD68 /* Build configuration list for PBXNativeTarget "headphonesTests" */;
			buildPhases = (
				D4D6BEEA1A73D52B0088FD68 /* Sources */,
				D4D6BEEB1A73D52B0088FD68 /* Frameworks */,
				D4D6BEEC1A73D52B0088FD68 /* Resources */,
			);
			buildRules = (
			);
			dependencies = (
				D4D6BEF01A73D52B0088FD68 /* PBXTargetDependency */,
			);
			name = headphonesTests;
			productName = headphonesTests;
			productReference = D4D6BEEE1A73D52B0088FD68 /* headphonesTests.xctest */;
			productType = "com.apple.product-type.bundle.unit-test";
		};
/* End PBXNativeTarget section */

/* Begin PBXProject section */
		D4D6BED11A73D52A0088FD68 /* Project object */ = {
			isa = PBXProject;
			attributes = {
				LastUpgradeCheck = 0610;
				ORGANIZATIONNAME = "Spiros Raptis";
				TargetAttributes = {
					D4D6BED81A73D52A0088FD68 = {
						CreatedOnToolsVersion = 6.1.1;
					};
					D4D6BEED1A73D52B0088FD68 = {
						CreatedOnToolsVersion = 6.1.1;
						TestTargetID = D4D6BED81A73D52A0088FD68;
					};
				};
			};
			buildConfigurationList = D4D6BED41A73D52A0088FD68 /* Build configuration list for PBXProject "headphones" */;
			compatibilityVersion = "Xcode 3.2";
			developmentRegion = English;
			hasScannedForEncodings = 0;
			knownRegions = (
				en,
				Base,
			);
			mainGroup = D4D6BED01A73D52A0088FD68;
			productRefGroup = D4D6BEDA1A73D52A0088FD68 /* Products */;
			projectDirPath = "";
			projectRoot = "";
			targets = (
				D4D6BED81A73D52A0088FD68 /* headphones */,
				D4D6BEED1A73D52B0088FD68 /* headphonesTests */,
			);
		};
/* End PBXProject section */

/* Begin PBXResourcesBuildPhase section */
		D4D6BED71A73D52A0088FD68 /* Resources */ = {
			isa = PBXResourcesBuildPhase;
			buildActionMask = 2147483647;
			files = (
				D4D6BEE41A73D52B0088FD68 /* Main.storyboard in Resources */,
				D4D6BEE91A73D52B0088FD68 /* LaunchScreen.xib in Resources */,
				D4D6BEE61A73D52B0088FD68 /* Images.xcassets in Resources */,
			);
			runOnlyForDeploymentPostprocessing = 0;
		};
		D4D6BEEC1A73D52B0088FD68 /* Resources */ = {
			isa = PBXResourcesBuildPhase;
			buildActionMask = 2147483647;
			files = (
			);
			runOnlyForDeploymentPostprocessing = 0;
		};
/* End PBXResourcesBuildPhase section */

/* Begin PBXSourcesBuildPhase section */
		D4D6BED51A73D52A0088FD68 /* Sources */ = {
			isa = PBXSourcesBuildPhase;
			buildActionMask = 2147483647;
			files = (
				D4D6BEE11A73D52B0088FD68 /* ViewController.swift in Sources */,
				D4D6BEDF1A73D52B0088FD68 /* AppDelegate.swift in Sources */,
			);
			runOnlyForDeploymentPostprocessing = 0;
		};
		D4D6BEEA1A73D52B0088FD68 /* Sources */ = {
			isa = PBXSourcesBuildPhase;
			buildActionMask = 2147483647;
			files = (
				D4D6BEF51A73D52B0088FD68 /* headphonesTests.swift in Sources */,
			);
			runOnlyForDeploymentPostprocessing = 0;
		};
/* End PBXSourcesBuildPhase section */

/* Begin PBXTargetDependency section */
		D4D6BEF01A73D52B0088FD68 /* PBXTargetDependency */ = {
			isa = PBXTargetDependency;
			target = D4D6BED81A73D52A0088FD68 /* headphones */;
			targetProxy = D4D6BEEF1A73D52B0088FD68 /* PBXContainerItemProxy */;
		};
/* End PBXTargetDependency section */

/* Begin PBXVariantGroup section */
		D4D6BEE21A73D52B0088FD68 /* Main.storyboard */ = {
			isa = PBXVariantGroup;
			children = (
				D4D6BEE31A73D52B0088FD68 /* Base */,
			);
			name = Main.storyboard;
			sourceTree = "<group>";
		};
		D4D6BEE71A73D52B0088FD68 /* LaunchScreen.xib */ = {
			isa = PBXVariantGroup;
			children = (
				D4D6BEE81A73D52B0088FD68 /* Base */,
			);
			name = LaunchScreen.xib;
			sourceTree = "<group>";
		};
/* End PBXVariantGroup section */

/* Begin XCBuildConfiguration section */
		D4D6BEF61A73D52B0088FD68 /* Debug */ = {
			isa = XCBuildConfiguration;
			buildSettings = {
				ALWAYS_SEARCH_USER_PATHS = NO;
				CLANG_CXX_LANGUAGE_STANDARD = "gnu++0x";
				CLANG_CXX_LIBRARY = "libc++";
				CLANG_ENABLE_MODULES = YES;
				CLANG_ENABLE_OBJC_ARC = YES;
				CLANG_WARN_BOOL_CONVERSION = YES;
				CLANG_WARN_CONSTANT_CONVERSION = YES;
				CLANG_WARN_DIRECT_OBJC_ISA_USAGE = YES_ERROR;
				CLANG_WARN_EMPTY_BODY = YES;
				CLANG_WARN_ENUM_CONVERSION = YES;
				CLANG_WARN_INT_CONVERSION = YES;
				CLANG_WARN_OBJC_ROOT_CLASS = YES_ERROR;
				CLANG_WARN_UNREACHABLE_CODE = YES;
				CLANG_WARN__DUPLICATE_METHOD_MATCH = YES;
				"CODE_SIGN_IDENTITY[sdk=iphoneos*]" = "iPhone Developer";
				COPY_PHASE_STRIP = NO;
				ENABLE_STRICT_OBJC_MSGSEND = YES;
				GCC_C_LANGUAGE_STANDARD = gnu99;
				GCC_DYNAMIC_NO_PIC = NO;
				GCC_OPTIMIZATION_LEVEL = 0;
				GCC_PREPROCESSOR_DEFINITIONS = (
					"DEBUG=1",
					"$(inherited)",
				);
				GCC_SYMBOLS_PRIVATE_EXTERN = NO;
				GCC_WARN_64_TO_32_BIT_CONVERSION = YES;
				GCC_WARN_ABOUT_RETURN_TYPE = YES_ERROR;
				GCC_WARN_UNDECLARED_SELECTOR = YES;
				GCC_WARN_UNINITIALIZED_AUTOS = YES_AGGRESSIVE;
				GCC_WARN_UNUSED_FUNCTION = YES;
				GCC_WARN_UNUSED_VARIABLE = YES;
				IPHONEOS_DEPLOYMENT_TARGET = 8.1;
				MTL_ENABLE_DEBUG_INFO = YES;
				ONLY_ACTIVE_ARCH = YES;
				SDKROOT = iphoneos;
				SWIFT_OPTIMIZATION_LEVEL = "-Onone";
			};
			name = Debug;
		};
		D4D6BEF71A73D52B0088FD68 /* Release */ = {
			isa = XCBuildConfiguration;
			buildSettings = {
				ALWAYS_SEARCH_USER_PATHS = NO;
				CLANG_CXX_LANGUAGE_STANDARD = "gnu++0x";
				CLANG_CXX_LIBRARY = "libc++";
				CLANG_ENABLE_MODULES = YES;
				CLANG_ENABLE_OBJC_ARC = YES;
				CLANG_WARN_BOOL_CONVERSION = YES;
				CLANG_WARN_CONSTANT_CONVERSION = YES;
				CLANG_WARN_DIRECT_OBJC_ISA_USAGE = YES_ERROR;
				CLANG_WARN_EMPTY_BODY = YES;
				CLANG_WARN_ENUM_CONVERSION = YES;
				CLANG_WARN_INT_CONVERSION = YES;
				CLANG_WARN_OBJC_ROOT_CLASS = YES_ERROR;
				CLANG_WARN_UNREACHABLE_CODE = YES;
				CLANG_WARN__DUPLICATE_METHOD_MATCH = YES;
				"CODE_SIGN_IDENTITY[sdk=iphoneos*]" = "iPhone Developer";
				COPY_PHASE_STRIP = YES;
				ENABLE_NS_ASSERTIONS = NO;
				ENABLE_STRICT_OBJC_MSGSEND = YES;
				GCC_C_LANGUAGE_STANDARD = gnu99;
				GCC_WARN_64_TO_32_BIT_CONVERSION = YES;
				GCC_WARN_ABOUT_RETURN_TYPE = YES_ERROR;
				GCC_WARN_UNDECLARED_SELECTOR = YES;
				GCC_WARN_UNINITIALIZED_AUTOS = YES_AGGRESSIVE;
				GCC_WARN_UNUSED_FUNCTION = YES;
				GCC_WARN_UNUSED_VARIABLE = YES;
				IPHONEOS_DEPLOYMENT_TARGET = 8.1;
				MTL_ENABLE_DEBUG_INFO = NO;
				SDKROOT = iphoneos;
				VALIDATE_PRODUCT = YES;
			};
			name = Release;
		};
		D4D6BEF91A73D52B0088FD68 /* Debug */ = {
			isa = XCBuildConfiguration;
			buildSettings = {
				ASSETCATALOG_COMPILER_APPICON_NAME = AppIcon;
				INFOPLIST_FILE = headphones/Info.plist;
				LD_RUNPATH_SEARCH_PATHS = "$(inherited) @executable_path/Frameworks";
				PRODUCT_NAME = "$(TARGET_NAME)";
			};
			name = Debug;
		};
		D4D6BEFA1A73D52B0088FD68 /* Release */ = {
			isa = XCBuildConfiguration;
			buildSettings = {
				ASSETCATALOG_COMPILER_APPICON_NAME = AppIcon;
				INFOPLIST_FILE = headphones/Info.plist;
				LD_RUNPATH_SEARCH_PATHS = "$(inherited) @executable_path/Frameworks";
				PRODUCT_NAME = "$(TARGET_NAME)";
			};
			name = Release;
		};
		D4D6BEFC1A73D52B0088FD68 /* Debug */ = {
			isa = XCBuildConfiguration;
			buildSettings = {
				BUNDLE_LOADER = "$(TEST_HOST)";
				FRAMEWORK_SEARCH_PATHS = (
					"$(SDKROOT)/Developer/Library/Frameworks",
					"$(inherited)",
				);
				GCC_PREPROCESSOR_DEFINITIONS = (
					"DEBUG=1",
					"$(inherited)",
				);
				INFOPLIST_FILE = headphonesTests/Info.plist;
				LD_RUNPATH_SEARCH_PATHS = "$(inherited) @executable_path/Frameworks @loader_path/Frameworks";
				PRODUCT_NAME = "$(TARGET_NAME)";
				TEST_HOST = "$(BUILT_PRODUCTS_DIR)/headphones.app/headphones";
			};
			name = Debug;
		};
		D4D6BEFD1A73D52B0088FD68 /* Release */ = {
			isa = XCBuildConfiguration;
			buildSettings = {
				BUNDLE_LOADER = "$(TEST_HOST)";
				FRAMEWORK_SEARCH_PATHS = (
					"$(SDKROOT)/Developer/Library/Frameworks",
					"$(inherited)",
				);
				INFOPLIST_FILE = headphonesTests/Info.plist;
				LD_RUNPATH_SEARCH_PATHS = "$(inherited) @executable_path/Frameworks @loader_path/Frameworks";
				PRODUCT_NAME = "$(TARGET_NAME)";
				TEST_HOST = "$(BUILT_PRODUCTS_DIR)/headphones.app/headphones";
			};
			name = Release;
		};
/* End XCBuildConfiguration section */

/* Begin XCConfigurationList section */
		D4D6BED41A73D52A0088FD68 /* Build configuration list for PBXProject "headphones" */ = {
			isa = XCConfigurationList;
			buildConfigurations = (
				D4D6BEF61A73D52B0088FD68 /* Debug */,
				D4D6BEF71A73D52B0088FD68 /* Release */,
			);
			defaultConfigurationIsVisible = 0;
			defaultConfigurationName = Release;
		};
		D4D6BEF81A73D52B0088FD68 /* Build configuration list for PBXNativeTarget "headphones" */ = {
			isa = XCConfigurationList;
			buildConfigurations = (
				D4D6BEF91A73D52B0088FD68 /* Debug */,
				D4D6BEFA1A73D52B0088FD68 /* Release */,
			);
			defaultConfigurationIsVisible = 0;
		};
		D4D6BEFB1A73D52B0088FD68 /* Build configuration list for PBXNativeTarget "headphonesTests" */ = {
			isa = XCConfigurationList;
			buildConfigurations = (
				D4D6BEFC1A73D52B0088FD68 /* Debug */,
				D4D6BEFD1A73D52B0088FD68 /* Release */,
			);
			defaultConfigurationIsVisible = 0;
		};
/* End XCConfigurationList section */
	};
	rootObject = D4D6BED11A73D52A0088FD68 /* Project object */;
}
